
Microsoft Visual Studio Solution File, Format Version 12.00
# Visual Studio 15
VisualStudioVersion = 15.0.28307.421
MinimumVisualStudioVersion = 10.0.40219.1
Project("{FAE04EC0-301F-11D3-BF4B-00C04F79EFBC}") = "LaBibliothequqGestion", "LaBibliothequqGestion\LaBibliothequqGestion.csproj", "{8909D751-BE91-4A63-9779-DDC270B7177B}"
EndProject
Project("{FAE04EC0-301F-11D3-BF4B-00C04F79EFBC}") = "LC_WebAPI", "Library_WebAPISolution\LC_WebAPI\LC_WebAPI.csproj", "{8EC60470-9275-4E26-BD4E-4A7DB4936723}"
EndProject
Global
	GlobalSection(SolutionConfigurationPlatforms) = preSolution
		Debug|Any CPU = Debug|Any CPU
		Release|Any CPU = Release|Any CPU
	EndGlobalSection
	GlobalSection(ProjectConfigurationPlatforms) = postSolution
		{8909D751-BE91-4A63-9779-DDC270B7177B}.Debug|Any CPU.ActiveCfg = Debug|Any CPU
		{8909D751-BE91-4A63-9779-DDC270B7177B}.Debug|Any CPU.Build.0 = Debug|Any CPU
		{8909D751-BE91-4A63-9779-DDC270B7177B}.Release|Any CPU.ActiveCfg = Release|Any CPU
		{8909D751-BE91-4A63-9779-DDC270B7177B}.Release|Any CPU.Build.0 = Release|Any CPU
		{8EC60470-9275-4E26-BD4E-4A7DB4936723}.Debug|Any CPU.ActiveCfg = Debug|Any CPU
		{8EC60470-9275-4E26-BD4E-4A7DB4936723}.Debug|Any CPU.Build.0 = Debug|Any CPU
		{8EC60470-9275-4E26-BD4E-4A7DB4936723}.Release|Any CPU.ActiveCfg = Release|Any CPU
		{8EC60470-9275-4E26-BD4E-4A7DB4936723}.Release|Any CPU.Build.0 = Release|Any CPU
	EndGlobalSection
	GlobalSection(SolutionProperties) = preSolution
		HideSolutionNode = FALSE
	EndGlobalSection
	GlobalSection(ExtensibilityGlobals) = postSolution
		SolutionGuid = {BD315CD9-8FA5-4A6C-AA64-E6EB6224C335}
	EndGlobalSection
EndGlobal
